
Microsoft Visual Studio Solution File, Format Version 12.00
# Visual Studio 15
VisualStudioVersion = 15.0.28307.421
MinimumVisualStudioVersion = 10.0.40219.1
Project("{FAE04EC0-301F-11D3-BF4B-00C04F79EFBC}") = "CalculatingAveragesEx3", "CalculatingAveragesEx3\CalculatingAveragesEx3.csproj", "{A250BCEF-C10E-43F1-BC98-A6E2DB4D279A}"
EndProject
Global
	GlobalSection(SolutionConfigurationPlatforms) = preSolution
		Debug|Any CPU = Debug|Any CPU
		Release|Any CPU = Release|Any CPU
	EndGlobalSection
	GlobalSection(ProjectConfigurationPlatforms) = postSolution
		{A250BCEF-C10E-43F1-BC98-A6E2DB4D279A}.Debug|Any CPU.ActiveCfg = Debug|Any CPU
		{A250BCEF-C10E-43F1-BC98-A6E2DB4D279A}.Debug|Any CPU.Build.0 = Debug|Any CPU
		{A250BCEF-C10E-43F1-BC98-A6E2DB4D279A}.Release|Any CPU.ActiveCfg = Release|Any CPU
		{A250BCEF-C10E-43F1-BC98-A6E2DB4D279A}.Release|Any CPU.Build.0 = Release|Any CPU
	EndGlobalSection
	GlobalSection(SolutionProperties) = preSolution
		HideSolutionNode = FALSE
	EndGlobalSection
	GlobalSection(ExtensibilityGlobals) = postSolution
		SolutionGuid = {FA8F5B7F-6107-4035-952F-88B0246F66E7}
	EndGlobalSection
EndGlobal
